
Microsoft Visual Studio Solution File, Format Version 12.00
# Visual Studio Version 17
VisualStudioVersion = 17.8.34330.188
MinimumVisualStudioVersion = 10.0.40219.1
Project("{FAE04EC0-301F-11D3-BF4B-00C04F79EFBC}") = "Stew", "Stew\Stew.csproj", "{07C11E02-F73D-401E-B760-698EA76DBEED}"
EndProject
Global
	GlobalSection(SolutionConfigurationPlatforms) = preSolution
		Debug|Any CPU = Debug|Any CPU
		Release|Any CPU = Release|Any CPU
	EndGlobalSection
	GlobalSection(ProjectConfigurationPlatforms) = postSolution
		{07C11E02-F73D-401E-B760-698EA76DBEED}.Debug|Any CPU.ActiveCfg = Debug|Any CPU
		{07C11E02-F73D-401E-B760-698EA76DBEED}.Debug|Any CPU.Build.0 = Debug|Any CPU
		{07C11E02-F73D-401E-B760-698EA76DBEED}.Release|Any CPU.ActiveCfg = Release|Any CPU
		{07C11E02-F73D-401E-B760-698EA76DBEED}.Release|Any CPU.Build.0 = Release|Any CPU
	EndGlobalSection
	GlobalSection(SolutionProperties) = preSolution
		HideSolutionNode = FALSE
	EndGlobalSection
	GlobalSection(ExtensibilityGlobals) = postSolution
		SolutionGuid = {EFA7C226-F500-4620-8068-9E160C916865}
	EndGlobalSection
EndGlobal
